
Microsoft Visual Studio Solution File, Format Version 12.00
# Visual Studio Version 17
VisualStudioVersion = 17.2.32602.215
MinimumVisualStudioVersion = 10.0.40219.1
Project("{FAE04EC0-301F-11D3-BF4B-00C04F79EFBC}") = "APBDproject.Server", "APBDproject\Server\APBDproject.Server.csproj", "{BADB2F57-CF48-4CE6-A8A1-4912D4A79798}"
EndProject
Project("{FAE04EC0-301F-11D3-BF4B-00C04F79EFBC}") = "APBDproject.Client", "APBDproject\Client\APBDproject.Client.csproj", "{0143B877-6515-4748-B96A-464CFC41C3BD}"
EndProject
Project("{FAE04EC0-301F-11D3-BF4B-00C04F79EFBC}") = "APBDproject.Shared", "APBDproject\Shared\APBDproject.Shared.csproj", "{6437A6FB-8F42-48FC-BDD3-60BA9C134363}"
EndProject
Global
	GlobalSection(SolutionConfigurationPlatforms) = preSolution
		Debug|Any CPU = Debug|Any CPU
		Release|Any CPU = Release|Any CPU
	EndGlobalSection
	GlobalSection(ProjectConfigurationPlatforms) = postSolution
		{BADB2F57-CF48-4CE6-A8A1-4912D4A79798}.Debug|Any CPU.ActiveCfg = Debug|Any CPU
		{BADB2F57-CF48-4CE6-A8A1-4912D4A79798}.Debug|Any CPU.Build.0 = Debug|Any CPU
		{BADB2F57-CF48-4CE6-A8A1-4912D4A79798}.Release|Any CPU.ActiveCfg = Release|Any CPU
		{BADB2F57-CF48-4CE6-A8A1-4912D4A79798}.Release|Any CPU.Build.0 = Release|Any CPU
		{0143B877-6515-4748-B96A-464CFC41C3BD}.Debug|Any CPU.ActiveCfg = Debug|Any CPU
		{0143B877-6515-4748-B96A-464CFC41C3BD}.Debug|Any CPU.Build.0 = Debug|Any CPU
		{0143B877-6515-4748-B96A-464CFC41C3BD}.Release|Any CPU.ActiveCfg = Release|Any CPU
		{0143B877-6515-4748-B96A-464CFC41C3BD}.Release|Any CPU.Build.0 = Release|Any CPU
		{6437A6FB-8F42-48FC-BDD3-60BA9C134363}.Debug|Any CPU.ActiveCfg = Debug|Any CPU
		{6437A6FB-8F42-48FC-BDD3-60BA9C134363}.Debug|Any CPU.Build.0 = Debug|Any CPU
		{6437A6FB-8F42-48FC-BDD3-60BA9C134363}.Release|Any CPU.ActiveCfg = Release|Any CPU
		{6437A6FB-8F42-48FC-BDD3-60BA9C134363}.Release|Any CPU.Build.0 = Release|Any CPU
	EndGlobalSection
	GlobalSection(SolutionProperties) = preSolution
		HideSolutionNode = FALSE
	EndGlobalSection
	GlobalSection(ExtensibilityGlobals) = postSolution
		SolutionGuid = {6800DBBA-C8F3-432F-9DDD-F4003BD4A394}
	EndGlobalSection
EndGlobal
